# This file is autogenerated, do not edit; changes may be undone by the next 'dep ensure'.


[[projects]]
  digest = "1:85f4b0e48294ebfd3282f631a27c72e324c3b980e095fa254d34292bd182719d"
  name = "github.com/buger/goterm"
  packages = ["."]
  pruneopts = "UT"
  revision = "ef0fa5b75d0fa2b31323463783a6e90353771116"

[[projects]]
  digest = "1:0af9a0d651e3e4e98304debf6d3d22c41f27922f8cf576ed3f443897d368d449"
  name = "github.com/fatih/color"
  packages = ["."]
  pruneopts = "UT"
  revision = "5df930a27be2502f99b292b7cc09ebad4d0891f4"

[[projects]]
  digest = "1:51a6dbf048dc420793ec106b7c8d151d1ffb119285ce044cc41d2dbb7e23732e"
  name = "github.com/hokaccha/go-prettyjson"
  packages = ["."]
  pruneopts = "UT"
  revision = "e6b9231a2b1cc5798b336fdbf99c16cd8ad1e0c9"

[[projects]]
  digest = "1:870d441fe217b8e689d7949fef6e43efbc787e50f200cb1e70dbca9204a1d6be"
  name = "github.com/inconshreveable/mousetrap"
  packages = ["."]
  pruneopts = "UT"
  revision = "76626ae9c91c4f2a10f34cad8ce83ea42c93bb75"
  version = "v1.0"

[[projects]]
  digest = "1:31fcf8f5f8f6cc36ef11182c0a0f63ba464e1a7ad9f0e92a7cf46f38bfc0adfd"
  name = "github.com/mattn/go-colorable"
  packages = ["."]
  pruneopts = "UT"
  revision = "5411d3eea5978e6cdc258b30de592b60df6aba96"

[[projects]]
  digest = "1:fa610f9fe6a93f4a75e64c83673dfff9bf1a34bbb21e6102021b6bc7850834a3"
  name = "github.com/mattn/go-isatty"
  packages = ["."]
  pruneopts = "UT"
  revision = "57fdcb988a5c543893cc61bce354a6e24ab70022"

[[projects]]
  digest = "1:ba4538d23f8defead569d08639a70aedc59483c3d2fb4442edab43a3a23e93f2"
  name = "github.com/spf13/cobra"
  packages = ["."]
  pruneopts = "UT"
  revision = "ccaecb155a2177302cb56cae929251a256d0f646"

[[projects]]
  digest = "1:772bf4d1907ccb275aaa532ec6cb0d85fc61bd05648af28551590af3ea4e2d53"
  name = "github.com/spf13/pflag"
  packages = ["."]
  pruneopts = "UT"
  revision = "4c012f6dcd9546820e378d0bdda4d8fc772cdfea"

[[projects]]
  branch = "master"
  digest = "1:0546fd0848dca0e69e9633326d137f4ed5acf3ede5c023664ee65121d1036d48"
  name = "github.com/tonobo/mtr"
  packages = [
    "cli",
    "hop",
    "imcp",
    "mtr",
  ]
  pruneopts = "UT"
  revision = "3207e9f9939c4b8ab65af51d97f83e688c4327bc"

[[projects]]
  digest = "1:5f99b1707bb6f518c61e71f6d0e01eff796cfe6f72e7a03f8ba80dd2a5a45b20"
  name = "golang.org/x/net"
  packages = [
    "bpf",
    "icmp",
    "internal/iana",
    "internal/socket",
    "ipv4",
    "ipv6",
  ]
  pruneopts = "UT"
  revision = "d866cfc389cec985d6fda2859936a575a55a3ab6"

[[projects]]
  digest = "1:c9c0ba9ea00233c41b91e441cfd490f34b129bbfebcb1858979623bd8de07f72"
  name = "golang.org/x/sys"
  packages = ["unix"]
  pruneopts = "UT"
  revision = "e24f485414aeafb646f6fca458b0bf869c0880a1"

[solve-meta]
  analyzer-name = "dep"
  analyzer-version = 1
  input-imports = [
    "github.com/buger/goterm",
    "github.com/hokaccha/go-prettyjson",
    "github.com/spf13/cobra",
    "github.com/tonobo/mtr/cli",
    "github.com/tonobo/mtr/hop",
    "github.com/tonobo/mtr/imcp",
    "github.com/tonobo/mtr/mtr",
    "golang.org/x/net/icmp",
    "golang.org/x/net/ipv4",
  ]
  solver-name = "gps-cdcl"
  solver-version = 1
